
Microsoft Visual Studio Solution File, Format Version 12.00
# Visual Studio Version 17
VisualStudioVersion = 17.11.35303.130
MinimumVisualStudioVersion = 10.0.40219.1
Project("{FAE04EC0-301F-11D3-BF4B-00C04F79EFBC}") = "Bt2", "Bt2\Bt2.csproj", "{02B101B5-378A-47BF-9518-BCDF6F8036DD}"
EndProject
Global
	GlobalSection(SolutionConfigurationPlatforms) = preSolution
		Debug|Any CPU = Debug|Any CPU
		Release|Any CPU = Release|Any CPU
	EndGlobalSection
	GlobalSection(ProjectConfigurationPlatforms) = postSolution
		{02B101B5-378A-47BF-9518-BCDF6F8036DD}.Debug|Any CPU.ActiveCfg = Debug|Any CPU
		{02B101B5-378A-47BF-9518-BCDF6F8036DD}.Debug|Any CPU.Build.0 = Debug|Any CPU
		{02B101B5-378A-47BF-9518-BCDF6F8036DD}.Release|Any CPU.ActiveCfg = Release|Any CPU
		{02B101B5-378A-47BF-9518-BCDF6F8036DD}.Release|Any CPU.Build.0 = Release|Any CPU
	EndGlobalSection
	GlobalSection(SolutionProperties) = preSolution
		HideSolutionNode = FALSE
	EndGlobalSection
	GlobalSection(ExtensibilityGlobals) = postSolution
		SolutionGuid = {109B7C10-364D-4FF5-AD2E-36662ED74760}
	EndGlobalSection
EndGlobal
